<?xml version="1.0" encoding="UTF-8" standalone="yes" ?>
<CodeBlocks_project_file>
	<FileVersion major="1" minor="6" />
	<Project>
		<Option title="testejogo" />
		<Option pch_mode="2" />
		<Option compiler="gcc" />
		<Build>
			<Target title="default">
				<Option output="testejogo" prefix_auto="1" extension_auto="1" />
				<Option type="0" />
				<Option compiler="gcc" />
			</Target>
		</Build>
		<Compiler>
			<Add option="-DALLEGRO_STATICLINK" />
		</Compiler>
		<Linker>
			<Add library="alleg_s" />
			<Add library="kernel32" />
			<Add library="user32" />
			<Add library="gdi32" />
			<Add library="comdlg32" />
			<Add library="ole32" />
			<Add library="dinput" />
			<Add library="ddraw" />
			<Add library="dxguid" />
			<Add library="winmm" />
			<Add library="dsound" />
		</Linker>
		<Unit filename="main.c">
			<Option compilerVar="CC" />
		</Unit>
		<Unit filename="nave.c">
			<Option compilerVar="CC" />
		</Unit>
		<Unit filename="objetos.h">
			<Option compilerVar="CC" />
		</Unit>
		<Unit filename="teclado.c">
			<Option compilerVar="CC" />
		</Unit>
		<Unit filename="teclado.h">
			<Option compilerVar="CC" />
		</Unit>
		<Extensions>
			<code_completion />
			<envvars />
			<debugger />
		</Extensions>
	</Project>
</CodeBlocks_project_file>
